
Microsoft Visual Studio Solution File, Format Version 12.00
# Visual Studio Version 16
VisualStudioVersion = 16.0.31112.23
MinimumVisualStudioVersion = 10.0.40219.1
Project("{8BC9CEB8-8B4A-11D0-8D11-00A0C91BC942}") = "Project", "Project.vcxproj", "{4B96AFC7-8D71-4885-8C21-D1AD8D55E238}"
EndProject
Global
	GlobalSection(SolutionConfigurationPlatforms) = preSolution
		Debug|x64 = Debug|x64
		Debug|x86 = Debug|x86
		Release|x64 = Release|x64
		Release|x86 = Release|x86
	EndGlobalSection
	GlobalSection(ProjectConfigurationPlatforms) = postSolution
		{4B96AFC7-8D71-4885-8C21-D1AD8D55E238}.Debug|x64.ActiveCfg = Debug|x64
		{4B96AFC7-8D71-4885-8C21-D1AD8D55E238}.Debug|x64.Build.0 = Debug|x64
		{4B96AFC7-8D71-4885-8C21-D1AD8D55E238}.Debug|x86.ActiveCfg = Debug|Win32
		{4B96AFC7-8D71-4885-8C21-D1AD8D55E238}.Debug|x86.Build.0 = Debug|Win32
		{4B96AFC7-8D71-4885-8C21-D1AD8D55E238}.Release|x64.ActiveCfg = Release|x64
		{4B96AFC7-8D71-4885-8C21-D1AD8D55E238}.Release|x64.Build.0 = Release|x64
		{4B96AFC7-8D71-4885-8C21-D1AD8D55E238}.Release|x86.ActiveCfg = Release|Win32
		{4B96AFC7-8D71-4885-8C21-D1AD8D55E238}.Release|x86.Build.0 = Release|Win32
	EndGlobalSection
	GlobalSection(SolutionProperties) = preSolution
		HideSolutionNode = FALSE
	EndGlobalSection
	GlobalSection(ExtensibilityGlobals) = postSolution
		SolutionGuid = {968E0B31-D6B1-413C-A022-513691190F66}
	EndGlobalSection
EndGlobal
